
Microsoft Visual Studio Solution File, Format Version 12.00
# Visual Studio Version 16
VisualStudioVersion = 16.0.30225.117
MinimumVisualStudioVersion = 10.0.40219.1
Project("{FAE04EC0-301F-11D3-BF4B-00C04F79EFBC}") = "Lab_3.2", "Lab_3.2.csproj", "{1573190D-9A32-412B-A658-736859F8854B}"
EndProject
Global
	GlobalSection(SolutionConfigurationPlatforms) = preSolution
		Debug|Any CPU = Debug|Any CPU
		Release|Any CPU = Release|Any CPU
	EndGlobalSection
	GlobalSection(ProjectConfigurationPlatforms) = postSolution
		{1573190D-9A32-412B-A658-736859F8854B}.Debug|Any CPU.ActiveCfg = Debug|Any CPU
		{1573190D-9A32-412B-A658-736859F8854B}.Debug|Any CPU.Build.0 = Debug|Any CPU
		{1573190D-9A32-412B-A658-736859F8854B}.Release|Any CPU.ActiveCfg = Release|Any CPU
		{1573190D-9A32-412B-A658-736859F8854B}.Release|Any CPU.Build.0 = Release|Any CPU
	EndGlobalSection
	GlobalSection(SolutionProperties) = preSolution
		HideSolutionNode = FALSE
	EndGlobalSection
	GlobalSection(ExtensibilityGlobals) = postSolution
		SolutionGuid = {1B34B775-FBE3-43B2-8EED-0D6D701E8171}
	EndGlobalSection
EndGlobal
